// !$*UTF8*$!
{
	archiveVersion = 1;
	classes = {
	};
	objectVersion = 51;
	objects = {

/* Begin PBXBuildFile section */
		770EE13123175F9C00B90B60 /* AppDelegate.swift in Sources */ = {isa = PBXBuildFile; fileRef = 770EE13023175F9C00B90B60 /* AppDelegate.swift */; };
		771159F12318A1BE0069A652 /* CategoryViewController.swift in Sources */ = {isa = PBXBuildFile; fileRef = 771159F02318A1BE0069A652 /* CategoryViewController.swift */; };
		7712D1422316FFF1001F0228 /* TodoListViewController.swift in Sources */ = {isa = PBXBuildFile; fileRef = 7712D1412316FFF1001F0228 /* TodoListViewController.swift */; };
		7712D1452316FFF1001F0228 /* Main.storyboard in Resources */ = {isa = PBXBuildFile; fileRef = 7712D1432316FFF1001F0228 /* Main.storyboard */; };
		7712D1472316FFF3001F0228 /* Assets.xcassets in Resources */ = {isa = PBXBuildFile; fileRef = 7712D1462316FFF3001F0228 /* Assets.xcassets */; };
		7712D14A2316FFF3001F0228 /* LaunchScreen.storyboard in Resources */ = {isa = PBXBuildFile; fileRef = 7712D1482316FFF3001F0228 /* LaunchScreen.storyboard */; };
		7722C610231C78F800D2A8BD /* Item.swift in Sources */ = {isa = PBXBuildFile; fileRef = 7722C60F231C78F800D2A8BD /* Item.swift */; };
		7722C612231C790800D2A8BD /* Category.swift in Sources */ = {isa = PBXBuildFile; fileRef = 7722C611231C790800D2A8BD /* Category.swift */; };
		E8F5E0E50A45BFCACAC1FD29 /* Pods_Todoey.framework in Frameworks */ = {isa = PBXBuildFile; fileRef = BA1F7B3D51B1E4DF5FF3DDD1 /* Pods_Todoey.framework */; };
/* End PBXBuildFile section */

/* Begin PBXFileReference section */
		6D5F4CD2F670154514C0202E /* Pods-Todoey.release.xcconfig */ = {isa = PBXFileReference; includeInIndex = 1; lastKnownFileType = text.xcconfig; name = "Pods-Todoey.release.xcconfig"; path = "Target Support Files/Pods-Todoey/Pods-Todoey.release.xcconfig"; sourceTree = "<group>"; };
		770EE13023175F9C00B90B60 /* AppDelegate.swift */ = {isa = PBXFileReference; fileEncoding = 4; lastKnownFileType = sourcecode.swift; path = AppDelegate.swift; sourceTree = "<group>"; };
		771159F02318A1BE0069A652 /* CategoryViewController.swift */ = {isa = PBXFileReference; lastKnownFileType = sourcecode.swift; path = CategoryViewController.swift; sourceTree = "<group>"; };
		7712D13C2316FFF1001F0228 /* Todoey.app */ = {isa = PBXFileReference; explicitFileType = wrapper.application; includeInIndex = 0; path = Todoey.app; sourceTree = BUILT_PRODUCTS_DIR; };
		7712D1412316FFF1001F0228 /* TodoListViewController.swift */ = {isa = PBXFileReference; lastKnownFileType = sourcecode.swift; path = TodoListViewController.swift; sourceTree = "<group>"; };
		7712D1442316FFF1001F0228 /* Base */ = {isa = PBXFileReference; lastKnownFileType = file.storyboard; name = Base; path = Base.lproj/Main.storyboard; sourceTree = "<group>"; };
		7712D1462316FFF3001F0228 /* Assets.xcassets */ = {isa = PBXFileReference; lastKnownFileType = folder.assetcatalog; path = Assets.xcassets; sourceTree = "<group>"; };
		7712D1492316FFF3001F0228 /* Base */ = {isa = PBXFileReference; lastKnownFileType = file.storyboard; name = Base; path = Base.lproj/LaunchScreen.storyboard; sourceTree = "<group>"; };
		7712D14B2316FFF3001F0228 /* Info.plist */ = {isa = PBXFileReference; lastKnownFileType = text.plist.xml; path = Info.plist; sourceTree = "<group>"; };
		7722C60F231C78F800D2A8BD /* Item.swift */ = {isa = PBXFileReference; lastKnownFileType = sourcecode.swift; path = Item.swift; sourceTree = "<group>"; };
		7722C611231C790800D2A8BD /* Category.swift */ = {isa = PBXFileReference; lastKnownFileType = sourcecode.swift; path = Category.swift; sourceTree = "<group>"; };
		AA141AD539AF3A36E5E22FCA /* Pods-Todoey.debug.xcconfig */ = {isa = PBXFileReference; includeInIndex = 1; lastKnownFileType = text.xcconfig; name = "Pods-Todoey.debug.xcconfig"; path = "Target Support Files/Pods-Todoey/Pods-Todoey.debug.xcconfig"; sourceTree = "<group>"; };
		BA1F7B3D51B1E4DF5FF3DDD1 /* Pods_Todoey.framework */ = {isa = PBXFileReference; explicitFileType = wrapper.framework; includeInIndex = 0; path = Pods_Todoey.framework; sourceTree = BUILT_PRODUCTS_DIR; };
/* End PBXFileReference section */

/* Begin PBXFrameworksBuildPhase section */
		7712D1392316FFF1001F0228 /* Frameworks */ = {
			isa = PBXFrameworksBuildPhase;
			buildActionMask = 2147483647;
			files = (
				E8F5E0E50A45BFCACAC1FD29 /* Pods_Todoey.framework in Frameworks */,
			);
			runOnlyForDeploymentPostprocessing = 0;
		};
/* End PBXFrameworksBuildPhase section */

/* Begin PBXGroup section */
		770EE13223175FBE00B90B60 /* Data Model */ = {
			isa = PBXGroup;
			children = (
				7722C60F231C78F800D2A8BD /* Item.swift */,
				7722C611231C790800D2A8BD /* Category.swift */,
			);
			path = "Data Model";
			sourceTree = "<group>";
		};
		770EE1332317602200B90B60 /* Controller */ = {
			isa = PBXGroup;
			children = (
				771159F02318A1BE0069A652 /* CategoryViewController.swift */,
				7712D1412316FFF1001F0228 /* TodoListViewController.swift */,
			);
			path = Controller;
			sourceTree = "<group>";
		};
		770EE13423176BDE00B90B60 /* View */ = {
			isa = PBXGroup;
			children = (
				7712D1432316FFF1001F0228 /* Main.storyboard */,
			);
			path = View;
			sourceTree = "<group>";
		};
		770EE135231772BD00B90B60 /* Supporting Files */ = {
			isa = PBXGroup;
			children = (
				7712D1462316FFF3001F0228 /* Assets.xcassets */,
				7712D1482316FFF3001F0228 /* LaunchScreen.storyboard */,
			);
			path = "Supporting Files";
			sourceTree = "<group>";
		};
		7712D1332316FFF1001F0228 = {
			isa = PBXGroup;
			children = (
				7712D13E2316FFF1001F0228 /* Todoey */,
				7712D13D2316FFF1001F0228 /* Products */,
				B279F0D4D16DF06FFD0D8CD1 /* Pods */,
				F5403214195FC7630DDEF6CA /* Frameworks */,
			);
			sourceTree = "<group>";
		};
		7712D13D2316FFF1001F0228 /* Products */ = {
			isa = PBXGroup;
			children = (
				7712D13C2316FFF1001F0228 /* Todoey.app */,
			);
			name = Products;
			sourceTree = "<group>";
		};
		7712D13E2316FFF1001F0228 /* Todoey */ = {
			isa = PBXGroup;
			children = (
				770EE13023175F9C00B90B60 /* AppDelegate.swift */,
				770EE1332317602200B90B60 /* Controller */,
				770EE13223175FBE00B90B60 /* Data Model */,
				770EE13423176BDE00B90B60 /* View */,
				770EE135231772BD00B90B60 /* Supporting Files */,
				7712D14B2316FFF3001F0228 /* Info.plist */,
			);
			path = Todoey;
			sourceTree = "<group>";
		};
		B279F0D4D16DF06FFD0D8CD1 /* Pods */ = {
			isa = PBXGroup;
			children = (
				AA141AD539AF3A36E5E22FCA /* Pods-Todoey.debug.xcconfig */,
				6D5F4CD2F670154514C0202E /* Pods-Todoey.release.xcconfig */,
			);
			path = Pods;
			sourceTree = "<group>";
		};
		F5403214195FC7630DDEF6CA /* Frameworks */ = {
			isa = PBXGroup;
			children = (
				BA1F7B3D51B1E4DF5FF3DDD1 /* Pods_Todoey.framework */,
			);
			name = Frameworks;
			sourceTree = "<group>";
		};
/* End PBXGroup section */

/* Begin PBXNativeTarget section */
		7712D13B2316FFF1001F0228 /* Todoey */ = {
			isa = PBXNativeTarget;
			buildConfigurationList = 7712D14E2316FFF3001F0228 /* Build configuration list for PBXNativeTarget "Todoey" */;
			buildPhases = (
				81387A2D26C80D946FD9F09F /* [CP] Check Pods Manifest.lock */,
				7712D1382316FFF1001F0228 /* Sources */,
				7712D1392316FFF1001F0228 /* Frameworks */,
				7712D13A2316FFF1001F0228 /* Resources */,
				DCEC0B026A670711C236F583 /* [CP] Embed Pods Frameworks */,
			);
			buildRules = (
			);
			dependencies = (
			);
			name = Todoey;
			productName = Todoey;
			productReference = 7712D13C2316FFF1001F0228 /* Todoey.app */;
			productType = "com.apple.product-type.application";
		};
/* End PBXNativeTarget section */

/* Begin PBXProject section */
		7712D1342316FFF1001F0228 /* Project object */ = {
			isa = PBXProject;
			attributes = {
				LastSwiftUpdateCheck = 1030;
				LastUpgradeCheck = 1030;
				ORGANIZATIONNAME = "Ajay Sridhar";
				TargetAttributes = {
					7712D13B2316FFF1001F0228 = {
						CreatedOnToolsVersion = 10.3;
					};
				};
			};
			buildConfigurationList = 7712D1372316FFF1001F0228 /* Build configuration list for PBXProject "Todoey" */;
			compatibilityVersion = "Xcode 9.3";
			developmentRegion = en;
			hasScannedForEncodings = 0;
			knownRegions = (
				en,
				Base,
			);
			mainGroup = 7712D1332316FFF1001F0228;
			productRefGroup = 7712D13D2316FFF1001F0228 /* Products */;
			projectDirPath = "";
			projectRoot = "";
			targets = (
				7712D13B2316FFF1001F0228 /* Todoey */,
			);
		};
/* End PBXProject section */

/* Begin PBXResourcesBuildPhase section */
		7712D13A2316FFF1001F0228 /* Resources */ = {
			isa = PBXResourcesBuildPhase;
			buildActionMask = 2147483647;
			files = (
				7712D14A2316FFF3001F0228 /* LaunchScreen.storyboard in Resources */,
				7712D1472316FFF3001F0228 /* Assets.xcassets in Resources */,
				7712D1452316FFF1001F0228 /* Main.storyboard in Resources */,
			);
			runOnlyForDeploymentPostprocessing = 0;
		};
/* End PBXResourcesBuildPhase section */

/* Begin PBXShellScriptBuildPhase section */
		81387A2D26C80D946FD9F09F /* [CP] Check Pods Manifest.lock */ = {
			isa = PBXShellScriptBuildPhase;
			buildActionMask = 2147483647;
			files = (
			);
			inputFileListPaths = (
			);
			inputPaths = (
				"${PODS_PODFILE_DIR_PATH}/Podfile.lock",
				"${PODS_ROOT}/Manifest.lock",
			);
			name = "[CP] Check Pods Manifest.lock";
			outputFileListPaths = (
			);
			outputPaths = (
				"$(DERIVED_FILE_DIR)/Pods-Todoey-checkManifestLockResult.txt",
			);
			runOnlyForDeploymentPostprocessing = 0;
			shellPath = /bin/sh;
			shellScript = "diff \"${PODS_PODFILE_DIR_PATH}/Podfile.lock\" \"${PODS_ROOT}/Manifest.lock\" > /dev/null\nif [ $? != 0 ] ; then\n    # print error to STDERR\n    echo \"error: The sandbox is not in sync with the Podfile.lock. Run 'pod install' or update your CocoaPods installation.\" >&2\n    exit 1\nfi\n# This output is used by Xcode 'outputs' to avoid re-running this script phase.\necho \"SUCCESS\" > \"${SCRIPT_OUTPUT_FILE_0}\"\n";
			showEnvVarsInLog = 0;
		};
		DCEC0B026A670711C236F583 /* [CP] Embed Pods Frameworks */ = {
			isa = PBXShellScriptBuildPhase;
			buildActionMask = 2147483647;
			files = (
			);
			inputFileListPaths = (
				"${PODS_ROOT}/Target Support Files/Pods-Todoey/Pods-Todoey-frameworks-${CONFIGURATION}-input-files.xcfilelist",
			);
			name = "[CP] Embed Pods Frameworks";
			outputFileListPaths = (
				"${PODS_ROOT}/Target Support Files/Pods-Todoey/Pods-Todoey-frameworks-${CONFIGURATION}-output-files.xcfilelist",
			);
			runOnlyForDeploymentPostprocessing = 0;
			shellPath = /bin/sh;
			shellScript = "\"${PODS_ROOT}/Target Support Files/Pods-Todoey/Pods-Todoey-frameworks.sh\"\n";
			showEnvVarsInLog = 0;
		};
/* End PBXShellScriptBuildPhase section */

/* Begin PBXSourcesBuildPhase section */
		7712D1382316FFF1001F0228 /* Sources */ = {
			isa = PBXSourcesBuildPhase;
			buildActionMask = 2147483647;
			files = (
				7722C610231C78F800D2A8BD /* Item.swift in Sources */,
				771159F12318A1BE0069A652 /* CategoryViewController.swift in Sources */,
				770EE13123175F9C00B90B60 /* AppDelegate.swift in Sources */,
				7712D1422316FFF1001F0228 /* TodoListViewController.swift in Sources */,
				7722C612231C790800D2A8BD /* Category.swift in Sources */,
			);
			runOnlyForDeploymentPostprocessing = 0;
		};
/* End PBXSourcesBuildPhase section */

/* Begin PBXVariantGroup section */
		7712D1432316FFF1001F0228 /* Main.storyboard */ = {
			isa = PBXVariantGroup;
			children = (
				7712D1442316FFF1001F0228 /* Base */,
			);
			name = Main.storyboard;
			sourceTree = "<group>";
		};
		7712D1482316FFF3001F0228 /* LaunchScreen.storyboard */ = {
			isa = PBXVariantGroup;
			children = (
				7712D1492316FFF3001F0228 /* Base */,
			);
			name = LaunchScreen.storyboard;
			sourceTree = "<group>";
		};
/* End PBXVariantGroup section */

/* Begin XCBuildConfiguration section */
		7712D14C2316FFF3001F0228 /* Debug */ = {
			isa = XCBuildConfiguration;
			buildSettings = {
				ALWAYS_SEARCH_USER_PATHS = NO;
				CLANG_ANALYZER_NONNULL = YES;
				CLANG_ANALYZER_NUMBER_OBJECT_CONVERSION = YES_AGGRESSIVE;
				CLANG_CXX_LANGUAGE_STANDARD = "gnu++14";
				CLANG_CXX_LIBRARY = "libc++";
				CLANG_ENABLE_MODULES = YES;
				CLANG_ENABLE_OBJC_ARC = YES;
				CLANG_ENABLE_OBJC_WEAK = YES;
				CLANG_WARN_BLOCK_CAPTURE_AUTORELEASING = YES;
				CLANG_WARN_BOOL_CONVERSION = YES;
				CLANG_WARN_COMMA = YES;
				CLANG_WARN_CONSTANT_CONVERSION = YES;
				CLANG_WARN_DEPRECATED_OBJC_IMPLEMENTATIONS = YES;
				CLANG_WARN_DIRECT_OBJC_ISA_USAGE = YES_ERROR;
				CLANG_WARN_DOCUMENTATION_COMMENTS = YES;
				CLANG_WARN_EMPTY_BODY = YES;
				CLANG_WARN_ENUM_CONVERSION = YES;
				CLANG_WARN_INFINITE_RECURSION = YES;
				CLANG_WARN_INT_CONVERSION = YES;
				CLANG_WARN_NON_LITERAL_NULL_CONVERSION = YES;
				CLANG_WARN_OBJC_IMPLICIT_RETAIN_SELF = YES;
				CLANG_WARN_OBJC_LITERAL_CONVERSION = YES;
				CLANG_WARN_OBJC_ROOT_CLASS = YES_ERROR;
				CLANG_WARN_RANGE_LOOP_ANALYSIS = YES;
				CLANG_WARN_STRICT_PROTOTYPES = YES;
				CLANG_WARN_SUSPICIOUS_MOVE = YES;
				CLANG_WARN_UNGUARDED_AVAILABILITY = YES_AGGRESSIVE;
				CLANG_WARN_UNREACHABLE_CODE = YES;
				CLANG_WARN__DUPLICATE_METHOD_MATCH = YES;
				CODE_SIGN_IDENTITY = "iPhone Developer";
				COPY_PHASE_STRIP = NO;
				DEBUG_INFORMATION_FORMAT = dwarf;
				ENABLE_STRICT_OBJC_MSGSEND = YES;
				ENABLE_TESTABILITY = YES;
				GCC_C_LANGUAGE_STANDARD = gnu11;
				GCC_DYNAMIC_NO_PIC = NO;
				GCC_NO_COMMON_BLOCKS = YES;
				GCC_OPTIMIZATION_LEVEL = 0;
				GCC_PREPROCESSOR_DEFINITIONS = (
					"DEBUG=1",
					"$(inherited)",
				);
				GCC_WARN_64_TO_32_BIT_CONVERSION = YES;
				GCC_WARN_ABOUT_RETURN_TYPE = YES_ERROR;
				GCC_WARN_UNDECLARED_SELECTOR = YES;
				GCC_WARN_UNINITIALIZED_AUTOS = YES_AGGRESSIVE;
				GCC_WARN_UNUSED_FUNCTION = YES;
				GCC_WARN_UNUSED_VARIABLE = YES;
				IPHONEOS_DEPLOYMENT_TARGET = 12.4;
				MTL_ENABLE_DEBUG_INFO = INCLUDE_SOURCE;
				MTL_FAST_MATH = YES;
				ONLY_ACTIVE_ARCH = YES;
				SDKROOT = iphoneos;
				SWIFT_ACTIVE_COMPILATION_CONDITIONS = DEBUG;
				SWIFT_OPTIMIZATION_LEVEL = "-Onone";
			};
			name = Debug;
		};
		7712D14D2316FFF3001F0228 /* Release */ = {
			isa = XCBuildConfiguration;
			buildSettings = {
				ALWAYS_SEARCH_USER_PATHS = NO;
				CLANG_ANALYZER_NONNULL = YES;
				CLANG_ANALYZER_NUMBER_OBJECT_CONVERSION = YES_AGGRESSIVE;
				CLANG_CXX_LANGUAGE_STANDARD = "gnu++14";
				CLANG_CXX_LIBRARY = "libc++";
				CLANG_ENABLE_MODULES = YES;
				CLANG_ENABLE_OBJC_ARC = YES;
				CLANG_ENABLE_OBJC_WEAK = YES;
				CLANG_WARN_BLOCK_CAPTURE_AUTORELEASING = YES;
				CLANG_WARN_BOOL_CONVERSION = YES;
				CLANG_WARN_COMMA = YES;
				CLANG_WARN_CONSTANT_CONVERSION = YES;
				CLANG_WARN_DEPRECATED_OBJC_IMPLEMENTATIONS = YES;
				CLANG_WARN_DIRECT_OBJC_ISA_USAGE = YES_ERROR;
				CLANG_WARN_DOCUMENTATION_COMMENTS = YES;
				CLANG_WARN_EMPTY_BODY = YES;
				CLANG_WARN_ENUM_CONVERSION = YES;
				CLANG_WARN_INFINITE_RECURSION = YES;
				CLANG_WARN_INT_CONVERSION = YES;
				CLANG_WARN_NON_LITERAL_NULL_CONVERSION = YES;
				CLANG_WARN_OBJC_IMPLICIT_RETAIN_SELF = YES;
				CLANG_WARN_OBJC_LITERAL_CONVERSION = YES;
				CLANG_WARN_OBJC_ROOT_CLASS = YES_ERROR;
				CLANG_WARN_RANGE_LOOP_ANALYSIS = YES;
				CLANG_WARN_STRICT_PROTOTYPES = YES;
				CLANG_WARN_SUSPICIOUS_MOVE = YES;
				CLANG_WARN_UNGUARDED_AVAILABILITY = YES_AGGRESSIVE;
				CLANG_WARN_UNREACHABLE_CODE = YES;
				CLANG_WARN__DUPLICATE_METHOD_MATCH = YES;
				CODE_SIGN_IDENTITY = "iPhone Developer";
				COPY_PHASE_STRIP = NO;
				DEBUG_INFORMATION_FORMAT = "dwarf-with-dsym";
				ENABLE_NS_ASSERTIONS = NO;
				ENABLE_STRICT_OBJC_MSGSEND = YES;
				GCC_C_LANGUAGE_STANDARD = gnu11;
				GCC_NO_COMMON_BLOCKS = YES;
				GCC_WARN_64_TO_32_BIT_CONVERSION = YES;
				GCC_WARN_ABOUT_RETURN_TYPE = YES_ERROR;
				GCC_WARN_UNDECLARED_SELECTOR = YES;
				GCC_WARN_UNINITIALIZED_AUTOS = YES_AGGRESSIVE;
				GCC_WARN_UNUSED_FUNCTION = YES;
				GCC_WARN_UNUSED_VARIABLE = YES;
				IPHONEOS_DEPLOYMENT_TARGET = 12.4;
				MTL_ENABLE_DEBUG_INFO = NO;
				MTL_FAST_MATH = YES;
				SDKROOT = iphoneos;
				SWIFT_COMPILATION_MODE = wholemodule;
				SWIFT_OPTIMIZATION_LEVEL = "-O";
				VALIDATE_PRODUCT = YES;
			};
			name = Release;
		};
		7712D14F2316FFF3001F0228 /* Debug */ = {
			isa = XCBuildConfiguration;
			baseConfigurationReference = AA141AD539AF3A36E5E22FCA /* Pods-Todoey.debug.xcconfig */;
			buildSettings = {
				ASSETCATALOG_COMPILER_APPICON_NAME = AppIcon;
				CODE_SIGN_STYLE = Automatic;
				DEVELOPMENT_TEAM = H93TZGVW63;
				INFOPLIST_FILE = Todoey/Info.plist;
				LD_RUNPATH_SEARCH_PATHS = (
					"$(inherited)",
					"@executable_path/Frameworks",
				);
				PRODUCT_BUNDLE_IDENTIFIER = ajay.sridhar.Todoey;
				PRODUCT_NAME = "$(TARGET_NAME)";
				SWIFT_VERSION = 5.0;
				TARGETED_DEVICE_FAMILY = "1,2";
			};
			name = Debug;
		};
		7712D1502316FFF3001F0228 /* Release */ = {
			isa = XCBuildConfiguration;
			baseConfigurationReference = 6D5F4CD2F670154514C0202E /* Pods-Todoey.release.xcconfig */;
			buildSettings = {
				ASSETCATALOG_COMPILER_APPICON_NAME = AppIcon;
				CODE_SIGN_STYLE = Automatic;
				DEVELOPMENT_TEAM = H93TZGVW63;
				INFOPLIST_FILE = Todoey/Info.plist;
				LD_RUNPATH_SEARCH_PATHS = (
					"$(inherited)",
					"@executable_path/Frameworks",
				);
				PRODUCT_BUNDLE_IDENTIFIER = ajay.sridhar.Todoey;
				PRODUCT_NAME = "$(TARGET_NAME)";
				SWIFT_VERSION = 5.0;
				TARGETED_DEVICE_FAMILY = "1,2";
			};
			name = Release;
		};
/* End XCBuildConfiguration section */

/* Begin XCConfigurationList section */
		7712D1372316FFF1001F0228 /* Build configuration list for PBXProject "Todoey" */ = {
			isa = XCConfigurationList;
			buildConfigurations = (
				7712D14C2316FFF3001F0228 /* Debug */,
				7712D14D2316FFF3001F0228 /* Release */,
			);
			defaultConfigurationIsVisible = 0;
			defaultConfigurationName = Release;
		};
		7712D14E2316FFF3001F0228 /* Build configuration list for PBXNativeTarget "Todoey" */ = {
			isa = XCConfigurationList;
			buildConfigurations = (
				7712D14F2316FFF3001F0228 /* Debug */,
				7712D1502316FFF3001F0228 /* Release */,
			);
			defaultConfigurationIsVisible = 0;
			defaultConfigurationName = Release;
		};
/* End XCConfigurationList section */
	};
	rootObject = 7712D1342316FFF1001F0228 /* Project object */;
}
